<?xml version="1.0" encoding="utf-8"?>
<Project ToolsVersion="4.0" xmlns="http://schemas.microsoft.com/developer/msbuild/2003">
  <ItemGroup>
    <Filter Include="Source Files">
      <UniqueIdentifier>{F4FF32B3-41DF-4D49-9599-508AB8F86C67}</UniqueIdentifier>
      <Extensions>cpp;c;cc;cxx;def;odl;idl;hpj;bat;asm;asmx</Extensions>
    </Filter>
    <Filter Include="Header Files">
      <UniqueIdentifier>{21A0BA53-271D-49B4-BE4B-F5845A790195}</UniqueIdentifier>
      <Extensions>h;hpp;hxx;hm;inl;inc;xsd</Extensions>
    </Filter>
    <Filter Include="Resource Files">
      <UniqueIdentifier>{BA14EC36-685B-4798-9E72-1AE4D9DCC06B}</UniqueIdentifier>
      <Extensions>rc;ico;cur;bmp;dlg;rc2;rct;bin;rgs;gif;jpg;jpeg;jpe;resx;tiff;tif;png;wav;mfcribbon-ms</Extensions>
    </Filter>
  </ItemGroup>
  <ItemGroup>
    <None Include="Makefile" />
  </ItemGroup>
  <ItemGroup>
    <ClCompile Include="..\DataProcessing\standardize.cpp">
      <Filter>Source Files</Filter>
    </ClCompile>
    <ClCompile Include="..\Descriptive\quantile_exc.cpp">
      <Filter>Source Files</Filter>
    </ClCompile>
    <ClCompile Include="..\Descriptive\cov.cpp">
      <Filter>Source Files</Filter>
    </ClCompile>
    <ClCompile Include="..\Descriptive\quantile_inc.cpp">
      <Filter>Source Files</Filter>
    </ClCompile>
    <ClCompile Include="..\Descriptive\skew.cpp">
      <Filter>Source Files</Filter>
    </ClCompile>
    <ClCompile Include="..\Descriptive\geoharmean.cpp">
      <Filter>Source Files</Filter>
    </ClCompile>
    <ClCompile Include="..\Descriptive\large.cpp">
      <Filter>Source Files</Filter>
    </ClCompile>
    <ClCompile Include="..\Descriptive\median.cpp">
      <Filter>Source Files</Filter>
    </ClCompile>
    <ClCompile Include="..\Descriptive\median_dev.cpp">
      <Filter>Source Files</Filter>
    </ClCompile>
    <ClCompile Include="..\Descriptive\percentrank_exc.cpp">
      <Filter>Source Files</Filter>
    </ClCompile>
    <ClCompile Include="..\Descriptive\percentrank_inc.cpp">
      <Filter>Source Files</Filter>
    </ClCompile>
    <ClCompile Include="..\Descriptive\small.cpp">
      <Filter>Source Files</Filter>
    </ClCompile>
    <ClCompile Include="..\Descriptive\interquartile_dist.cpp">
      <Filter>Source Files</Filter>
    </ClCompile>
    <ClCompile Include="..\Descriptive\stdev_p.cpp">
      <Filter>Source Files</Filter>
    </ClCompile>
    <ClCompile Include="..\Descriptive\stdev_s.cpp">
      <Filter>Source Files</Filter>
    </ClCompile>
    <ClCompile Include="..\Descriptive\var_s.cpp">
      <Filter>Source Files</Filter>
    </ClCompile>
    <ClCompile Include="..\Descriptive\range.cpp">
      <Filter>Source Files</Filter>
    </ClCompile>
    <ClCompile Include="..\Descriptive\var_p.cpp">
      <Filter>Source Files</Filter>
    </ClCompile>
    <ClCompile Include="..\Descriptive\avedev.cpp">
      <Filter>Source Files</Filter>
    </ClCompile>
    <ClCompile Include="..\Descriptive\average.cpp">
      <Filter>Source Files</Filter>
    </ClCompile>
    <ClCompile Include="..\Descriptive\devsq.cpp">
      <Filter>Source Files</Filter>
    </ClCompile>
    <ClCompile Include="..\Descriptive\rank_avg.cpp">
      <Filter>Source Files</Filter>
    </ClCompile>
    <ClCompile Include="..\Descriptive\rank_eq.cpp">
      <Filter>Source Files</Filter>
    </ClCompile>
    <ClCompile Include="..\Descriptive\anova_tworep.cpp">
      <Filter>Source Files</Filter>
    </ClCompile>
    <ClCompile Include="..\Descriptive\anova_single.cpp">
      <Filter>Source Files</Filter>
    </ClCompile>
    <ClCompile Include="..\Descriptive\anova_two.cpp">
      <Filter>Source Files</Filter>
    </ClCompile>
    <ClCompile Include="..\Descriptive\crosstabulate_numbers.cpp">
      <Filter>Source Files</Filter>
    </ClCompile>
    <ClCompile Include="..\dist\lognorm.cpp">
      <Filter>Source Files</Filter>
    </ClCompile>
    <ClCompile Include="..\dist\bernoulli.cpp">
      <Filter>Source Files</Filter>
    </ClCompile>
    <ClCompile Include="..\dist\chisq.cpp">
      <Filter>Source Files</Filter>
    </ClCompile>
    <ClCompile Include="..\dist\gumbel.cpp">
      <Filter>Source Files</Filter>
    </ClCompile>
    <ClCompile Include="..\dist\geometric.cpp">
      <Filter>Source Files</Filter>
    </ClCompile>
    <ClCompile Include="..\dist\weibull.cpp">
      <Filter>Source Files</Filter>
    </ClCompile>
    <ClCompile Include="..\dist\gev.cpp">
      <Filter>Source Files</Filter>
    </ClCompile>
    <ClCompile Include="..\dist\norm_s.cpp">
      <Filter>Source Files</Filter>
    </ClCompile>
    <ClCompile Include="..\dist\binom.cpp">
      <Filter>Source Files</Filter>
    </ClCompile>
    <ClCompile Include="..\dist\hypgeom.cpp">
      <Filter>Source Files</Filter>
    </ClCompile>
    <ClCompile Include="..\dist\negbinom.cpp">
      <Filter>Source Files</Filter>
    </ClCompile>
    <ClCompile Include="..\dist\norm.cpp">
      <Filter>Source Files</Filter>
    </ClCompile>
    <ClCompile Include="..\dist\t.cpp">
      <Filter>Source Files</Filter>
    </ClCompile>
    <ClCompile Include="..\dist\cauchy.cpp">
      <Filter>Source Files</Filter>
    </ClCompile>
    <ClCompile Include="..\dist\laplace.cpp">
      <Filter>Source Files</Filter>
    </ClCompile>
    <ClCompile Include="..\dist\pareto.cpp">
      <Filter>Source Files</Filter>
    </ClCompile>
    <ClCompile Include="..\dist\uniform.cpp">
      <Filter>Source Files</Filter>
    </ClCompile>
    <ClCompile Include="..\dist\expon.cpp">
      <Filter>Source Files</Filter>
    </ClCompile>
    <ClCompile Include="..\dist\poisson.cpp">
      <Filter>Source Files</Filter>
    </ClCompile>
    <ClCompile Include="..\dist\beta.cpp">
      <Filter>Source Files</Filter>
    </ClCompile>
    <ClCompile Include="..\dist\f.cpp">
      <Filter>Source Files</Filter>
    </ClCompile>
    <ClCompile Include="..\dist\fisher.cpp">
      <Filter>Source Files</Filter>
    </ClCompile>
    <ClCompile Include="..\dist\gamma.cpp">
      <Filter>Source Files</Filter>
    </ClCompile>
    <ClCompile Include="..\dist\logistic.cpp">
      <Filter>Source Files</Filter>
    </ClCompile>
    <ClCompile Include="..\dist\rayleigh.cpp">
      <Filter>Source Files</Filter>
    </ClCompile>
    <ClCompile Include="..\Inference\mw_test.cpp">
      <Filter>Source Files</Filter>
    </ClCompile>
    <ClCompile Include="..\Inference\chisq_test.cpp">
      <Filter>Source Files</Filter>
    </ClCompile>
    <ClCompile Include="..\Inference\t_test.cpp">
      <Filter>Source Files</Filter>
    </ClCompile>
    <ClCompile Include="..\Inference\z_test.cpp">
      <Filter>Source Files</Filter>
    </ClCompile>
    <ClCompile Include="..\Inference\fisher_test.cpp">
      <Filter>Source Files</Filter>
    </ClCompile>
    <ClCompile Include="..\Inference\ks_test.cpp">
      <Filter>Source Files</Filter>
    </ClCompile>
    <ClCompile Include="..\Inference\wsr_test.cpp">
      <Filter>Source Files</Filter>
    </ClCompile>
    <ClCompile Include="..\Inference\ks2_test.cpp">
      <Filter>Source Files</Filter>
    </ClCompile>
    <ClCompile Include="..\Regression\regressionOperators.cpp">
      <Filter>Source Files</Filter>
    </ClCompile>
    <ClCompile Include="..\Regression\forecast.cpp">
      <Filter>Source Files</Filter>
    </ClCompile>
    <ClCompile Include="..\Regression\intercept.cpp">
      <Filter>Source Files</Filter>
    </ClCompile>
    <ClCompile Include="..\Regression\slope.cpp">
      <Filter>Source Files</Filter>
    </ClCompile>
    <ClCompile Include="..\Regression\steyx.cpp">
      <Filter>Source Files</Filter>
    </ClCompile>
    <ClCompile Include="..\dllmain.cpp">
      <Filter>Source Files</Filter>
    </ClCompile>
    <ClCompile Include="..\Outliers\esd.cpp">
      <Filter>Source Files</Filter>
    </ClCompile>
    <ClCompile Include="..\Outliers\dq_test.cpp">
      <Filter>Source Files</Filter>
    </ClCompile>
    <ClCompile Include="..\Smoothing\moving_average_simple.cpp">
      <Filter>Source Files</Filter>
    </ClCompile>
    <ClCompile Include="..\Smoothing\moving_average_triangular.cpp">
      <Filter>Source Files</Filter>
    </ClCompile>
    <ClCompile Include="..\Smoothing\moving_average_weighted.cpp">
      <Filter>Source Files</Filter>
    </ClCompile>
    <ClCompile Include="..\Smoothing\moving_average_cumulative.cpp">
      <Filter>Source Files</Filter>
    </ClCompile>
    <ClCompile Include="..\Smoothing\moving_average_exponential.cpp">
      <Filter>Source Files</Filter>
    </ClCompile>
    <ClCompile Include="..\Regression\naive_bayes.cpp">
      <Filter>Source Files</Filter>
    </ClCompile>
    <ClCompile Include="..\MLE\expon_fit.cpp">
      <Filter>Source Files</Filter>
    </ClCompile>
    <ClCompile Include="..\MLE\binom_fit.cpp">
      <Filter>Source Files</Filter>
    </ClCompile>
    <ClCompile Include="..\Descriptive\pearson.cpp">
      <Filter>Source Files</Filter>
    </ClCompile>
    <ClCompile Include="..\MLE\norm_fit.cpp">
      <Filter>Source Files</Filter>
    </ClCompile>
    <ClCompile Include="..\TimeSeries\adf_test.cpp">
      <Filter>Source Files</Filter>
    </ClCompile>
    <ClCompile Include="..\dist\uniform_rand.cpp">
      <Filter>Source Files</Filter>
    </ClCompile>
    <ClCompile Include="..\dist\discruni_rand.cpp">
      <Filter>Source Files</Filter>
    </ClCompile>
    <ClCompile Include="..\dist\expon_rand.cpp">
      <Filter>Source Files</Filter>
    </ClCompile>
    <ClCompile Include="..\dist\norm_rand.cpp">
      <Filter>Source Files</Filter>
    </ClCompile>
    <ClCompile Include="..\dist\norm_s_rand.cpp">
      <Filter>Source Files</Filter>
    </ClCompile>
    <ClCompile Include="..\dist\binom_rand.cpp">
      <Filter>Source Files</Filter>
    </ClCompile>
    <ClCompile Include="..\dist\TCRNGUtils.cpp">
      <Filter>Source Files</Filter>
    </ClCompile>
    <ClCompile Include="..\Utilities\rand_perm.cpp">
      <Filter>Source Files</Filter>
    </ClCompile>
    <ClCompile Include="..\MLE\poisson_fit.cpp">
      <Filter>Source Files</Filter>
    </ClCompile>
    <ClCompile Include="..\Descriptive\moment_central.cpp">
      <Filter>Source Files</Filter>
    </ClCompile>
    <ClCompile Include="..\Descriptive\moment.cpp">
      <Filter>Source Files</Filter>
    </ClCompile>
    <ClCompile Include="..\dist\lognorm_rand.cpp">
      <Filter>Source Files</Filter>
    </ClCompile>
    <ClCompile Include="..\dist\bernoulli_rand.cpp">
      <Filter>Source Files</Filter>
    </ClCompile>
    <ClCompile Include="..\dist\negbinom_rand.cpp">
      <Filter>Source Files</Filter>
    </ClCompile>
    <ClCompile Include="..\dist\chisq_rand.cpp">
      <Filter>Source Files</Filter>
    </ClCompile>
    <ClCompile Include="..\dist\cauchy_rand.cpp">
      <Filter>Source Files</Filter>
    </ClCompile>
    <ClCompile Include="..\dist\geometric_rand.cpp">
      <Filter>Source Files</Filter>
    </ClCompile>
    <ClCompile Include="..\dist\hypgeom_rand.cpp">
      <Filter>Source Files</Filter>
    </ClCompile>
    <ClCompile Include="..\dist\poisson_rand.cpp">
      <Filter>Source Files</Filter>
    </ClCompile>
    <ClCompile Include="..\dist\rayleigh_rand.cpp">
      <Filter>Source Files</Filter>
    </ClCompile>
    <ClCompile Include="..\dist\weibull_rand.cpp">
      <Filter>Source Files</Filter>
    </ClCompile>
    <ClCompile Include="..\dist\beta_rand.cpp">
      <Filter>Source Files</Filter>
    </ClCompile>
    <ClCompile Include="..\dist\f_rand.cpp">
      <Filter>Source Files</Filter>
    </ClCompile>
    <ClCompile Include="..\dist\gamma_rand.cpp">
      <Filter>Source Files</Filter>
    </ClCompile>
    <ClCompile Include="..\dist\pareto_rand.cpp">
      <Filter>Source Files</Filter>
    </ClCompile>
    <ClCompile Include="..\TimeSeries\timeseries_ar.cpp">
      <Filter>Source Files</Filter>
    </ClCompile>
  </ItemGroup>
  <ItemGroup>
    <ClInclude Include="..\Descriptive\median.h">
      <Filter>Header Files</Filter>
    </ClInclude>
    <ClInclude Include="..\Descriptive\cov.h">
      <Filter>Header Files</Filter>
    </ClInclude>
    <ClInclude Include="..\Descriptive\crosstabulate_numbers.h">
      <Filter>Header Files</Filter>
    </ClInclude>
    <ClInclude Include="..\Descriptive\geoharmean.h">
      <Filter>Header Files</Filter>
    </ClInclude>
    <ClInclude Include="..\Descriptive\rank_avg.h">
      <Filter>Header Files</Filter>
    </ClInclude>
    <ClInclude Include="..\Descriptive\rank_eq.h">
      <Filter>Header Files</Filter>
    </ClInclude>
    <ClInclude Include="..\Descriptive\skew.h">
      <Filter>Header Files</Filter>
    </ClInclude>
    <ClInclude Include="..\Descriptive\qselect_utils.h">
      <Filter>Header Files</Filter>
    </ClInclude>
    <ClInclude Include="..\Descriptive\stdev_p.h">
      <Filter>Header Files</Filter>
    </ClInclude>
    <ClInclude Include="..\Descriptive\stdev_s.h">
      <Filter>Header Files</Filter>
    </ClInclude>
    <ClInclude Include="..\Descriptive\var_s.h">
      <Filter>Header Files</Filter>
    </ClInclude>
    <ClInclude Include="..\Descriptive\range.h">
      <Filter>Header Files</Filter>
    </ClInclude>
    <ClInclude Include="..\Descriptive\var_p.h">
      <Filter>Header Files</Filter>
    </ClInclude>
    <ClInclude Include="..\Descriptive\avedev.h">
      <Filter>Header Files</Filter>
    </ClInclude>
    <ClInclude Include="..\Descriptive\devsq.h">
      <Filter>Header Files</Filter>
    </ClInclude>
    <ClInclude Include="..\Descriptive\average.h">
      <Filter>Header Files</Filter>
    </ClInclude>
    <ClInclude Include="..\Descriptive\anova_tworep.h">
      <Filter>Header Files</Filter>
    </ClInclude>
    <ClInclude Include="..\Descriptive\anova_two.h">
      <Filter>Header Files</Filter>
    </ClInclude>
    <ClInclude Include="..\Descriptive\anova_single.h">
      <Filter>Header Files</Filter>
    </ClInclude>
    <ClInclude Include="..\Descriptive\qselect.h">
      <Filter>Header Files</Filter>
    </ClInclude>
    <ClInclude Include="..\dist\fisher.h">
      <Filter>Header Files</Filter>
    </ClInclude>
    <ClInclude Include="..\dist\beta.h">
      <Filter>Header Files</Filter>
    </ClInclude>
    <ClInclude Include="..\dist\chisq.h">
      <Filter>Header Files</Filter>
    </ClInclude>
    <ClInclude Include="..\dist\binom.h">
      <Filter>Header Files</Filter>
    </ClInclude>
    <ClInclude Include="..\dist\weibull.h">
      <Filter>Header Files</Filter>
    </ClInclude>
    <ClInclude Include="..\dist\gev.h">
      <Filter>Header Files</Filter>
    </ClInclude>
    <ClInclude Include="..\dist\hypgeom.h">
      <Filter>Header Files</Filter>
    </ClInclude>
    <ClInclude Include="..\dist\geometric.h">
      <Filter>Header Files</Filter>
    </ClInclude>
    <ClInclude Include="..\dist\poisson.h">
      <Filter>Header Files</Filter>
    </ClInclude>
    <ClInclude Include="..\dist\uniform.h">
      <Filter>Header Files</Filter>
    </ClInclude>
    <ClInclude Include="..\dist\f.h">
      <Filter>Header Files</Filter>
    </ClInclude>
    <ClInclude Include="..\dist\rayleigh.h">
      <Filter>Header Files</Filter>
    </ClInclude>
    <ClInclude Include="..\dist\norm_s.h">
      <Filter>Header Files</Filter>
    </ClInclude>
    <ClInclude Include="..\dist\pareto.h">
      <Filter>Header Files</Filter>
    </ClInclude>
    <ClInclude Include="..\dist\lognorm.h">
      <Filter>Header Files</Filter>
    </ClInclude>
    <ClInclude Include="..\dist\norm.h">
      <Filter>Header Files</Filter>
    </ClInclude>
    <ClInclude Include="..\dist\cauchy.h">
      <Filter>Header Files</Filter>
    </ClInclude>
    <ClInclude Include="..\dist\negbinom.h">
      <Filter>Header Files</Filter>
    </ClInclude>
    <ClInclude Include="..\dist\bernoulli.h">
      <Filter>Header Files</Filter>
    </ClInclude>
    <ClInclude Include="..\dist\t.h">
      <Filter>Header Files</Filter>
    </ClInclude>
    <ClInclude Include="..\dist\gumbel.h">
      <Filter>Header Files</Filter>
    </ClInclude>
    <ClInclude Include="..\dist\gamma.h">
      <Filter>Header Files</Filter>
    </ClInclude>
    <ClInclude Include="..\dist\expon.h">
      <Filter>Header Files</Filter>
    </ClInclude>
    <ClInclude Include="..\dist\laplace.h">
      <Filter>Header Files</Filter>
    </ClInclude>
    <ClInclude Include="..\dist\logistic.h">
      <Filter>Header Files</Filter>
    </ClInclude>
    <ClInclude Include="..\Inference\ks_test.h">
      <Filter>Header Files</Filter>
    </ClInclude>
    <ClInclude Include="..\Inference\ks2_test.h">
      <Filter>Header Files</Filter>
    </ClInclude>
    <ClInclude Include="..\Inference\ks_dist.h">
      <Filter>Header Files</Filter>
    </ClInclude>
    <ClInclude Include="..\Inference\wsr_test.h">
      <Filter>Header Files</Filter>
    </ClInclude>
    <ClInclude Include="..\Inference\ks2_dist.h">
      <Filter>Header Files</Filter>
    </ClInclude>
    <ClInclude Include="..\Inference\mw_test.h">
      <Filter>Header Files</Filter>
    </ClInclude>
    <ClInclude Include="..\Inference\t_test.h">
      <Filter>Header Files</Filter>
    </ClInclude>
    <ClInclude Include="..\Inference\chisq_test.h">
      <Filter>Header Files</Filter>
    </ClInclude>
    <ClInclude Include="..\Inference\z_test.h">
      <Filter>Header Files</Filter>
    </ClInclude>
    <ClInclude Include="..\Regression\steyx.h">
      <Filter>Header Files</Filter>
    </ClInclude>
    <ClInclude Include="..\Regression\forecast.h">
      <Filter>Header Files</Filter>
    </ClInclude>
    <ClInclude Include="..\Regression\intercept.h">
      <Filter>Header Files</Filter>
    </ClInclude>
    <ClInclude Include="..\Regression\regressionOperators.h">
      <Filter>Header Files</Filter>
    </ClInclude>
    <ClInclude Include="..\Regression\slope.h">
      <Filter>Header Files</Filter>
    </ClInclude>
    <ClInclude Include="..\Outliers\esd.h">
      <Filter>Header Files</Filter>
    </ClInclude>
    <ClInclude Include="..\Outliers\dq_test.h">
      <Filter>Header Files</Filter>
    </ClInclude>
    <ClInclude Include="..\Smoothing\moving_average.h">
      <Filter>Header Files</Filter>
    </ClInclude>
    <ClInclude Include="..\Smoothing\moving_average_simple.h">
      <Filter>Header Files</Filter>
    </ClInclude>
    <ClInclude Include="..\Smoothing\moving_average_triangular.h">
      <Filter>Header Files</Filter>
    </ClInclude>
    <ClInclude Include="..\Smoothing\moving_average_weighted.h">
      <Filter>Header Files</Filter>
    </ClInclude>
    <ClInclude Include="..\Descriptive\quantile_exc.h">
      <Filter>Header Files</Filter>
    </ClInclude>
    <ClInclude Include="..\Outliers\dq_test_method.h">
      <Filter>Header Files</Filter>
    </ClInclude>
    <ClInclude Include="..\Smoothing\moving_average_cumulative.h">
      <Filter>Header Files</Filter>
    </ClInclude>
    <ClInclude Include="..\Smoothing\moving_average_exponential.h">
      <Filter>Header Files</Filter>
    </ClInclude>
    <ClInclude Include="..\Descriptive\quantile_inc.h">
      <Filter>Header Files</Filter>
    </ClInclude>
    <ClInclude Include="..\MLE\expon_fit.h">
      <Filter>Header Files</Filter>
    </ClInclude>
    <ClInclude Include="..\MLE\norm_fit.h">
      <Filter>Header Files</Filter>
    </ClInclude>
    <ClInclude Include="..\MLE\binom_fit.h">
      <Filter>Header Files</Filter>
    </ClInclude>
    <ClInclude Include="..\Descriptive\pearson.h">
      <Filter>Header Files</Filter>
    </ClInclude>
    <ClInclude Include="..\TimeSeries\adf_test.h">
      <Filter>Source Files</Filter>
    </ClInclude>
    <ClInclude Include="..\TimeSeries\TimeSeriesUtils.h">
      <Filter>Header Files</Filter>
    </ClInclude>
    <ClInclude Include="..\TimeSeries\TimeSeriesUtilsLA.h">
      <Filter>Header Files</Filter>
    </ClInclude>
    <ClInclude Include="..\TimeSeries\TimeSeriesUtilsOptimization.h">
      <Filter>Header Files</Filter>
    </ClInclude>
    <ClInclude Include="..\dist\TCRNGUtils.h">
      <Filter>Header Files</Filter>
    </ClInclude>
    <ClInclude Include="..\Utilities\rand_perm.h">
      <Filter>Header Files</Filter>
    </ClInclude>
    <ClInclude Include="..\MLE\poisson_fit.h">
      <Filter>Header Files</Filter>
    </ClInclude>
    <ClInclude Include="..\Descriptive\moment_central.h">
      <Filter>Header Files</Filter>
    </ClInclude>
    <ClInclude Include="..\Descriptive\moment.h">
      <Filter>Header Files</Filter>
    </ClInclude>
    <ClInclude Include="..\TimeSeries\timeseries_ar.h">
      <Filter>Header Files</Filter>
    </ClInclude>
  </ItemGroup>
</Project>